
Microsoft Visual Studio Solution File, Format Version 12.00
# Visual Studio 15
VisualStudioVersion = 15.0.28307.645
MinimumVisualStudioVersion = 10.0.40219.1
Project("{FAE04EC0-301F-11D3-BF4B-00C04F79EFBC}") = "GAP.Appointments.Web", "GAP.Appointments.Web\GAP.Appointments.Web.csproj", "{B4DF241C-E68C-433A-8DCE-7311F439A5F7}"
EndProject
Project("{FAE04EC0-301F-11D3-BF4B-00C04F79EFBC}") = "GAP.Appointments.Web.Tests", "GAP.Appointments.Web.Tests\GAP.Appointments.Web.Tests.csproj", "{48D22C40-1901-4BE1-8F42-61AF3A1B8EE9}"
EndProject
Project("{FAE04EC0-301F-11D3-BF4B-00C04F79EFBC}") = "GAP.Appointments.Common", "GAP.Appointments.Common\GAP.Appointments.Common.csproj", "{7C3C1D12-C137-4F22-9393-B8577CB656D2}"
EndProject
Project("{2150E333-8FDC-42A3-9474-1A3956D46DE8}") = "Web", "Web", "{424ECEFE-76EF-4F5F-BECA-6F7A5F1DAB9C}"
EndProject
Project("{2150E333-8FDC-42A3-9474-1A3956D46DE8}") = "Common", "Common", "{98D790BC-C065-451E-8AFC-087DC5F23A51}"
EndProject
Project("{2150E333-8FDC-42A3-9474-1A3956D46DE8}") = "Test", "Test", "{051CEB20-5A08-4282-9ABA-3C07364F37CA}"
EndProject
Project("{2150E333-8FDC-42A3-9474-1A3956D46DE8}") = "Model", "Model", "{0F62DFC5-AE48-423F-A2D2-6506CBB6FF06}"
EndProject
Project("{FAE04EC0-301F-11D3-BF4B-00C04F79EFBC}") = "GAP.Appointments.Domain", "GAP.Appointments.Domain\GAP.Appointments.Domain.csproj", "{C51CC673-49AB-467A-9E90-FFA08E28A7CB}"
EndProject
Project("{FAE04EC0-301F-11D3-BF4B-00C04F79EFBC}") = "GAP.Appointments.Core", "GAP.Appointments.Core\GAP.Appointments.Core.csproj", "{E5DB135C-6B37-471A-9684-224A59D6658B}"
EndProject
Project("{FAE04EC0-301F-11D3-BF4B-00C04F79EFBC}") = "GAP.Appointments.TO", "GAP.Appointments.TO\GAP.Appointments.TO.csproj", "{3889CFD0-9236-4615-9F4C-17BD28C0E623}"
EndProject
Project("{FAE04EC0-301F-11D3-BF4B-00C04F79EFBC}") = "GAP.Appointments.DAO", "GAP.Appointments.DAO\GAP.Appointments.DAO.csproj", "{BC26F56E-BC9C-4365-B1CA-83868248128D}"
EndProject
Project("{2150E333-8FDC-42A3-9474-1A3956D46DE8}") = "Api", "Api", "{460BA381-726A-44C4-97CA-A3808C471F9A}"
EndProject
Project("{FAE04EC0-301F-11D3-BF4B-00C04F79EFBC}") = "GAP.Appointments.Api", "GAP.Appointments.Api\GAP.Appointments.Api.csproj", "{B1A48ABF-D2B1-4A31-A9FF-06A5CD5EAB11}"
EndProject
Project("{FAE04EC0-301F-11D3-BF4B-00C04F79EFBC}") = "GAP.Appointments.Api.Tests", "GAP.Appointments.Api.Tests\GAP.Appointments.Api.Tests.csproj", "{2679CE29-D308-4EFF-BA54-6442459F9B75}"
EndProject
Global
	GlobalSection(SolutionConfigurationPlatforms) = preSolution
		Debug|Any CPU = Debug|Any CPU
		Release|Any CPU = Release|Any CPU
	EndGlobalSection
	GlobalSection(ProjectConfigurationPlatforms) = postSolution
		{B4DF241C-E68C-433A-8DCE-7311F439A5F7}.Debug|Any CPU.ActiveCfg = Debug|Any CPU
		{B4DF241C-E68C-433A-8DCE-7311F439A5F7}.Debug|Any CPU.Build.0 = Debug|Any CPU
		{B4DF241C-E68C-433A-8DCE-7311F439A5F7}.Release|Any CPU.ActiveCfg = Release|Any CPU
		{B4DF241C-E68C-433A-8DCE-7311F439A5F7}.Release|Any CPU.Build.0 = Release|Any CPU
		{48D22C40-1901-4BE1-8F42-61AF3A1B8EE9}.Debug|Any CPU.ActiveCfg = Debug|Any CPU
		{48D22C40-1901-4BE1-8F42-61AF3A1B8EE9}.Debug|Any CPU.Build.0 = Debug|Any CPU
		{48D22C40-1901-4BE1-8F42-61AF3A1B8EE9}.Release|Any CPU.ActiveCfg = Release|Any CPU
		{48D22C40-1901-4BE1-8F42-61AF3A1B8EE9}.Release|Any CPU.Build.0 = Release|Any CPU
		{7C3C1D12-C137-4F22-9393-B8577CB656D2}.Debug|Any CPU.ActiveCfg = Debug|Any CPU
		{7C3C1D12-C137-4F22-9393-B8577CB656D2}.Debug|Any CPU.Build.0 = Debug|Any CPU
		{7C3C1D12-C137-4F22-9393-B8577CB656D2}.Release|Any CPU.ActiveCfg = Release|Any CPU
		{7C3C1D12-C137-4F22-9393-B8577CB656D2}.Release|Any CPU.Build.0 = Release|Any CPU
		{C51CC673-49AB-467A-9E90-FFA08E28A7CB}.Debug|Any CPU.ActiveCfg = Debug|Any CPU
		{C51CC673-49AB-467A-9E90-FFA08E28A7CB}.Debug|Any CPU.Build.0 = Debug|Any CPU
		{C51CC673-49AB-467A-9E90-FFA08E28A7CB}.Release|Any CPU.ActiveCfg = Release|Any CPU
		{C51CC673-49AB-467A-9E90-FFA08E28A7CB}.Release|Any CPU.Build.0 = Release|Any CPU
		{E5DB135C-6B37-471A-9684-224A59D6658B}.Debug|Any CPU.ActiveCfg = Debug|Any CPU
		{E5DB135C-6B37-471A-9684-224A59D6658B}.Debug|Any CPU.Build.0 = Debug|Any CPU
		{E5DB135C-6B37-471A-9684-224A59D6658B}.Release|Any CPU.ActiveCfg = Release|Any CPU
		{E5DB135C-6B37-471A-9684-224A59D6658B}.Release|Any CPU.Build.0 = Release|Any CPU
		{3889CFD0-9236-4615-9F4C-17BD28C0E623}.Debug|Any CPU.ActiveCfg = Debug|Any CPU
		{3889CFD0-9236-4615-9F4C-17BD28C0E623}.Debug|Any CPU.Build.0 = Debug|Any CPU
		{3889CFD0-9236-4615-9F4C-17BD28C0E623}.Release|Any CPU.ActiveCfg = Release|Any CPU
		{3889CFD0-9236-4615-9F4C-17BD28C0E623}.Release|Any CPU.Build.0 = Release|Any CPU
		{BC26F56E-BC9C-4365-B1CA-83868248128D}.Debug|Any CPU.ActiveCfg = Debug|Any CPU
		{BC26F56E-BC9C-4365-B1CA-83868248128D}.Debug|Any CPU.Build.0 = Debug|Any CPU
		{BC26F56E-BC9C-4365-B1CA-83868248128D}.Release|Any CPU.ActiveCfg = Release|Any CPU
		{BC26F56E-BC9C-4365-B1CA-83868248128D}.Release|Any CPU.Build.0 = Release|Any CPU
		{B1A48ABF-D2B1-4A31-A9FF-06A5CD5EAB11}.Debug|Any CPU.ActiveCfg = Debug|Any CPU
		{B1A48ABF-D2B1-4A31-A9FF-06A5CD5EAB11}.Debug|Any CPU.Build.0 = Debug|Any CPU
		{B1A48ABF-D2B1-4A31-A9FF-06A5CD5EAB11}.Release|Any CPU.ActiveCfg = Release|Any CPU
		{B1A48ABF-D2B1-4A31-A9FF-06A5CD5EAB11}.Release|Any CPU.Build.0 = Release|Any CPU
		{2679CE29-D308-4EFF-BA54-6442459F9B75}.Debug|Any CPU.ActiveCfg = Debug|Any CPU
		{2679CE29-D308-4EFF-BA54-6442459F9B75}.Debug|Any CPU.Build.0 = Debug|Any CPU
		{2679CE29-D308-4EFF-BA54-6442459F9B75}.Release|Any CPU.ActiveCfg = Release|Any CPU
		{2679CE29-D308-4EFF-BA54-6442459F9B75}.Release|Any CPU.Build.0 = Release|Any CPU
	EndGlobalSection
	GlobalSection(SolutionProperties) = preSolution
		HideSolutionNode = FALSE
	EndGlobalSection
	GlobalSection(NestedProjects) = preSolution
		{B4DF241C-E68C-433A-8DCE-7311F439A5F7} = {424ECEFE-76EF-4F5F-BECA-6F7A5F1DAB9C}
		{48D22C40-1901-4BE1-8F42-61AF3A1B8EE9} = {051CEB20-5A08-4282-9ABA-3C07364F37CA}
		{7C3C1D12-C137-4F22-9393-B8577CB656D2} = {98D790BC-C065-451E-8AFC-087DC5F23A51}
		{C51CC673-49AB-467A-9E90-FFA08E28A7CB} = {0F62DFC5-AE48-423F-A2D2-6506CBB6FF06}
		{E5DB135C-6B37-471A-9684-224A59D6658B} = {0F62DFC5-AE48-423F-A2D2-6506CBB6FF06}
		{3889CFD0-9236-4615-9F4C-17BD28C0E623} = {98D790BC-C065-451E-8AFC-087DC5F23A51}
		{BC26F56E-BC9C-4365-B1CA-83868248128D} = {98D790BC-C065-451E-8AFC-087DC5F23A51}
		{B1A48ABF-D2B1-4A31-A9FF-06A5CD5EAB11} = {460BA381-726A-44C4-97CA-A3808C471F9A}
		{2679CE29-D308-4EFF-BA54-6442459F9B75} = {460BA381-726A-44C4-97CA-A3808C471F9A}
	EndGlobalSection
	GlobalSection(ExtensibilityGlobals) = postSolution
		SolutionGuid = {D813D1CF-B78A-4F9A-887A-F2CBF9671E5A}
	EndGlobalSection
EndGlobal
